
Microsoft Visual Studio Solution File, Format Version 12.00
# Visual Studio Version 16
VisualStudioVersion = 16.0.31112.23
MinimumVisualStudioVersion = 10.0.40219.1
Project("{FAE04EC0-301F-11D3-BF4B-00C04F79EFBC}") = "uf2", "uf2.csproj", "{A5EB218A-FD23-4167-B0E9-344DF9349878}"
EndProject
Global
	GlobalSection(SolutionConfigurationPlatforms) = preSolution
		Debug|Any CPU = Debug|Any CPU
		Release|Any CPU = Release|Any CPU
	EndGlobalSection
	GlobalSection(ProjectConfigurationPlatforms) = postSolution
		{A5EB218A-FD23-4167-B0E9-344DF9349878}.Debug|Any CPU.ActiveCfg = Debug|Any CPU
		{A5EB218A-FD23-4167-B0E9-344DF9349878}.Debug|Any CPU.Build.0 = Debug|Any CPU
		{A5EB218A-FD23-4167-B0E9-344DF9349878}.Release|Any CPU.ActiveCfg = Release|Any CPU
		{A5EB218A-FD23-4167-B0E9-344DF9349878}.Release|Any CPU.Build.0 = Release|Any CPU
	EndGlobalSection
	GlobalSection(SolutionProperties) = preSolution
		HideSolutionNode = FALSE
	EndGlobalSection
	GlobalSection(ExtensibilityGlobals) = postSolution
		SolutionGuid = {EA9F39DF-811C-42BD-81A7-F6550B8C0056}
	EndGlobalSection
EndGlobal
